// !$*UTF8*$!
{
	archiveVersion = 1;
	classes = {
	};
	objectVersion = 55;
	objects = {

/* Begin PBXBuildFile section */
		F326199C29735D8600389875 /* AppDelegate.swift in Sources */ = {isa = PBXBuildFile; fileRef = F326199B29735D8600389875 /* AppDelegate.swift */; };
		F326199E29735D8600389875 /* SceneDelegate.swift in Sources */ = {isa = PBXBuildFile; fileRef = F326199D29735D8600389875 /* SceneDelegate.swift */; };
		F32619A029735D8600389875 /* MainViewController.swift in Sources */ = {isa = PBXBuildFile; fileRef = F326199F29735D8600389875 /* MainViewController.swift */; };
		F32619A529735D8700389875 /* Assets.xcassets in Resources */ = {isa = PBXBuildFile; fileRef = F32619A429735D8700389875 /* Assets.xcassets */; };
		F32619A829735D8700389875 /* LaunchScreen.storyboard in Resources */ = {isa = PBXBuildFile; fileRef = F32619A629735D8700389875 /* LaunchScreen.storyboard */; };
		F392F314297360D500F85FCE /* UIColor + Extension.swift in Sources */ = {isa = PBXBuildFile; fileRef = F392F313297360D500F85FCE /* UIColor + Extension.swift */; };
		F392F316297360E500F85FCE /* UIFont + Extension.swift in Sources */ = {isa = PBXBuildFile; fileRef = F392F315297360E500F85FCE /* UIFont + Extension.swift */; };
		F392F318297360F000F85FCE /* UIView + Extension.swift in Sources */ = {isa = PBXBuildFile; fileRef = F392F317297360F000F85FCE /* UIView + Extension.swift */; };
		F392F31A297360FE00F85FCE /* UIStackView + Extension.swift in Sources */ = {isa = PBXBuildFile; fileRef = F392F319297360FE00F85FCE /* UIStackView + Extension.swift */; };
		F392F31C2973610F00F85FCE /* CalendarView.swift in Sources */ = {isa = PBXBuildFile; fileRef = F392F31B2973610F00F85FCE /* CalendarView.swift */; };
		F392F31F2973640100F85FCE /* Roboto-Bold.ttf in Resources */ = {isa = PBXBuildFile; fileRef = F392F31E2973640100F85FCE /* Roboto-Bold.ttf */; };
		F392F3212973641E00F85FCE /* Roboto-Medium.ttf in Resources */ = {isa = PBXBuildFile; fileRef = F392F3202973641E00F85FCE /* Roboto-Medium.ttf */; };
		F392F32329744BF700F85FCE /* CalendarCollectionViewCell.swift in Sources */ = {isa = PBXBuildFile; fileRef = F392F32229744BF700F85FCE /* CalendarCollectionViewCell.swift */; };
		F392F326297481F100F85FCE /* WeatherView.swift in Sources */ = {isa = PBXBuildFile; fileRef = F392F325297481F100F85FCE /* WeatherView.swift */; };
		F392F328297494B200F85FCE /* WorkoutTableViewCell.swift in Sources */ = {isa = PBXBuildFile; fileRef = F392F327297494B200F85FCE /* WorkoutTableViewCell.swift */; };
/* End PBXBuildFile section */

/* Begin PBXFileReference section */
		F326199829735D8600389875 /* Workout.app */ = {isa = PBXFileReference; explicitFileType = wrapper.application; includeInIndex = 0; path = Workout.app; sourceTree = BUILT_PRODUCTS_DIR; };
		F326199B29735D8600389875 /* AppDelegate.swift */ = {isa = PBXFileReference; lastKnownFileType = sourcecode.swift; path = AppDelegate.swift; sourceTree = "<group>"; };
		F326199D29735D8600389875 /* SceneDelegate.swift */ = {isa = PBXFileReference; lastKnownFileType = sourcecode.swift; path = SceneDelegate.swift; sourceTree = "<group>"; };
		F326199F29735D8600389875 /* MainViewController.swift */ = {isa = PBXFileReference; lastKnownFileType = sourcecode.swift; path = MainViewController.swift; sourceTree = "<group>"; };
		F32619A429735D8700389875 /* Assets.xcassets */ = {isa = PBXFileReference; lastKnownFileType = folder.assetcatalog; path = Assets.xcassets; sourceTree = "<group>"; };
		F32619A729735D8700389875 /* Base */ = {isa = PBXFileReference; lastKnownFileType = file.storyboard; name = Base; path = Base.lproj/LaunchScreen.storyboard; sourceTree = "<group>"; };
		F32619A929735D8700389875 /* Info.plist */ = {isa = PBXFileReference; lastKnownFileType = text.plist.xml; path = Info.plist; sourceTree = "<group>"; };
		F392F313297360D500F85FCE /* UIColor + Extension.swift */ = {isa = PBXFileReference; lastKnownFileType = sourcecode.swift; path = "UIColor + Extension.swift"; sourceTree = "<group>"; };
		F392F315297360E500F85FCE /* UIFont + Extension.swift */ = {isa = PBXFileReference; lastKnownFileType = sourcecode.swift; path = "UIFont + Extension.swift"; sourceTree = "<group>"; };
		F392F317297360F000F85FCE /* UIView + Extension.swift */ = {isa = PBXFileReference; lastKnownFileType = sourcecode.swift; path = "UIView + Extension.swift"; sourceTree = "<group>"; };
		F392F319297360FE00F85FCE /* UIStackView + Extension.swift */ = {isa = PBXFileReference; lastKnownFileType = sourcecode.swift; path = "UIStackView + Extension.swift"; sourceTree = "<group>"; };
		F392F31B2973610F00F85FCE /* CalendarView.swift */ = {isa = PBXFileReference; lastKnownFileType = sourcecode.swift; path = CalendarView.swift; sourceTree = "<group>"; };
		F392F31E2973640100F85FCE /* Roboto-Bold.ttf */ = {isa = PBXFileReference; lastKnownFileType = file; path = "Roboto-Bold.ttf"; sourceTree = "<group>"; };
		F392F3202973641E00F85FCE /* Roboto-Medium.ttf */ = {isa = PBXFileReference; lastKnownFileType = file; path = "Roboto-Medium.ttf"; sourceTree = "<group>"; };
		F392F32229744BF700F85FCE /* CalendarCollectionViewCell.swift */ = {isa = PBXFileReference; lastKnownFileType = sourcecode.swift; path = CalendarCollectionViewCell.swift; sourceTree = "<group>"; };
		F392F325297481F100F85FCE /* WeatherView.swift */ = {isa = PBXFileReference; lastKnownFileType = sourcecode.swift; path = WeatherView.swift; sourceTree = "<group>"; };
		F392F327297494B200F85FCE /* WorkoutTableViewCell.swift */ = {isa = PBXFileReference; lastKnownFileType = sourcecode.swift; path = WorkoutTableViewCell.swift; sourceTree = "<group>"; };
/* End PBXFileReference section */

/* Begin PBXFrameworksBuildPhase section */
		F326199529735D8600389875 /* Frameworks */ = {
			isa = PBXFrameworksBuildPhase;
			buildActionMask = 2147483647;
			files = (
			);
			runOnlyForDeploymentPostprocessing = 0;
		};
/* End PBXFrameworksBuildPhase section */

/* Begin PBXGroup section */
		F326198F29735D8600389875 = {
			isa = PBXGroup;
			children = (
				F326199A29735D8600389875 /* Workout */,
				F326199929735D8600389875 /* Products */,
			);
			sourceTree = "<group>";
		};
		F326199929735D8600389875 /* Products */ = {
			isa = PBXGroup;
			children = (
				F326199829735D8600389875 /* Workout.app */,
			);
			name = Products;
			sourceTree = "<group>";
		};
		F326199A29735D8600389875 /* Workout */ = {
			isa = PBXGroup;
			children = (
				F32619AF29735F0F00389875 /* Application */,
				F32619B029735F1400389875 /* Views */,
				F32619B229735F2000389875 /* Models */,
				F32619B329735F2600389875 /* Extensions */,
				F32619B529735F3700389875 /* Resources */,
				F32619B629735F4300389875 /* Controllers */,
			);
			path = Workout;
			sourceTree = "<group>";
		};
		F32619AF29735F0F00389875 /* Application */ = {
			isa = PBXGroup;
			children = (
				F326199B29735D8600389875 /* AppDelegate.swift */,
				F326199D29735D8600389875 /* SceneDelegate.swift */,
			);
			path = Application;
			sourceTree = "<group>";
		};
		F32619B029735F1400389875 /* Views */ = {
			isa = PBXGroup;
			children = (
				F392F31B2973610F00F85FCE /* CalendarView.swift */,
				F392F325297481F100F85FCE /* WeatherView.swift */,
				F32619B129735F1A00389875 /* MainVC */,
			);
			path = Views;
			sourceTree = "<group>";
		};
		F32619B129735F1A00389875 /* MainVC */ = {
			isa = PBXGroup;
			children = (
				F392F32429744BFE00F85FCE /* Cells */,
			);
			path = MainVC;
			sourceTree = "<group>";
		};
		F32619B229735F2000389875 /* Models */ = {
			isa = PBXGroup;
			children = (
			);
			path = Models;
			sourceTree = "<group>";
		};
		F32619B329735F2600389875 /* Extensions */ = {
			isa = PBXGroup;
			children = (
				F32619B429735F3000389875 /* UIKit */,
			);
			path = Extensions;
			sourceTree = "<group>";
		};
		F32619B429735F3000389875 /* UIKit */ = {
			isa = PBXGroup;
			children = (
				F392F313297360D500F85FCE /* UIColor + Extension.swift */,
				F392F315297360E500F85FCE /* UIFont + Extension.swift */,
				F392F317297360F000F85FCE /* UIView + Extension.swift */,
				F392F319297360FE00F85FCE /* UIStackView + Extension.swift */,
			);
			path = UIKit;
			sourceTree = "<group>";
		};
		F32619B529735F3700389875 /* Resources */ = {
			isa = PBXGroup;
			children = (
				F392F31D297363CC00F85FCE /* Fonts */,
				F32619A629735D8700389875 /* LaunchScreen.storyboard */,
				F32619A429735D8700389875 /* Assets.xcassets */,
				F32619A929735D8700389875 /* Info.plist */,
			);
			path = Resources;
			sourceTree = "<group>";
		};
		F32619B629735F4300389875 /* Controllers */ = {
			isa = PBXGroup;
			children = (
				F326199F29735D8600389875 /* MainViewController.swift */,
			);
			path = Controllers;
			sourceTree = "<group>";
		};
		F392F31D297363CC00F85FCE /* Fonts */ = {
			isa = PBXGroup;
			children = (
				F392F3202973641E00F85FCE /* Roboto-Medium.ttf */,
				F392F31E2973640100F85FCE /* Roboto-Bold.ttf */,
			);
			path = Fonts;
			sourceTree = "<group>";
		};
		F392F32429744BFE00F85FCE /* Cells */ = {
			isa = PBXGroup;
			children = (
				F392F32229744BF700F85FCE /* CalendarCollectionViewCell.swift */,
				F392F327297494B200F85FCE /* WorkoutTableViewCell.swift */,
			);
			path = Cells;
			sourceTree = "<group>";
		};
/* End PBXGroup section */

/* Begin PBXNativeTarget section */
		F326199729735D8600389875 /* Workout */ = {
			isa = PBXNativeTarget;
			buildConfigurationList = F32619AC29735D8700389875 /* Build configuration list for PBXNativeTarget "Workout" */;
			buildPhases = (
				F326199429735D8600389875 /* Sources */,
				F326199529735D8600389875 /* Frameworks */,
				F326199629735D8600389875 /* Resources */,
			);
			buildRules = (
			);
			dependencies = (
			);
			name = Workout;
			productName = Workout;
			productReference = F326199829735D8600389875 /* Workout.app */;
			productType = "com.apple.product-type.application";
		};
/* End PBXNativeTarget section */

/* Begin PBXProject section */
		F326199029735D8600389875 /* Project object */ = {
			isa = PBXProject;
			attributes = {
				BuildIndependentTargetsInParallel = 1;
				LastSwiftUpdateCheck = 1340;
				LastUpgradeCheck = 1340;
				TargetAttributes = {
					F326199729735D8600389875 = {
						CreatedOnToolsVersion = 13.4.1;
					};
				};
			};
			buildConfigurationList = F326199329735D8600389875 /* Build configuration list for PBXProject "Workout" */;
			compatibilityVersion = "Xcode 13.0";
			developmentRegion = en;
			hasScannedForEncodings = 0;
			knownRegions = (
				en,
				Base,
			);
			mainGroup = F326198F29735D8600389875;
			productRefGroup = F326199929735D8600389875 /* Products */;
			projectDirPath = "";
			projectRoot = "";
			targets = (
				F326199729735D8600389875 /* Workout */,
			);
		};
/* End PBXProject section */

/* Begin PBXResourcesBuildPhase section */
		F326199629735D8600389875 /* Resources */ = {
			isa = PBXResourcesBuildPhase;
			buildActionMask = 2147483647;
			files = (
				F392F3212973641E00F85FCE /* Roboto-Medium.ttf in Resources */,
				F32619A829735D8700389875 /* LaunchScreen.storyboard in Resources */,
				F32619A529735D8700389875 /* Assets.xcassets in Resources */,
				F392F31F2973640100F85FCE /* Roboto-Bold.ttf in Resources */,
			);
			runOnlyForDeploymentPostprocessing = 0;
		};
/* End PBXResourcesBuildPhase section */

/* Begin PBXSourcesBuildPhase section */
		F326199429735D8600389875 /* Sources */ = {
			isa = PBXSourcesBuildPhase;
			buildActionMask = 2147483647;
			files = (
				F392F316297360E500F85FCE /* UIFont + Extension.swift in Sources */,
				F392F31A297360FE00F85FCE /* UIStackView + Extension.swift in Sources */,
				F392F31C2973610F00F85FCE /* CalendarView.swift in Sources */,
				F32619A029735D8600389875 /* MainViewController.swift in Sources */,
				F392F328297494B200F85FCE /* WorkoutTableViewCell.swift in Sources */,
				F392F318297360F000F85FCE /* UIView + Extension.swift in Sources */,
				F392F326297481F100F85FCE /* WeatherView.swift in Sources */,
				F392F314297360D500F85FCE /* UIColor + Extension.swift in Sources */,
				F392F32329744BF700F85FCE /* CalendarCollectionViewCell.swift in Sources */,
				F326199C29735D8600389875 /* AppDelegate.swift in Sources */,
				F326199E29735D8600389875 /* SceneDelegate.swift in Sources */,
			);
			runOnlyForDeploymentPostprocessing = 0;
		};
/* End PBXSourcesBuildPhase section */

/* Begin PBXVariantGroup section */
		F32619A629735D8700389875 /* LaunchScreen.storyboard */ = {
			isa = PBXVariantGroup;
			children = (
				F32619A729735D8700389875 /* Base */,
			);
			name = LaunchScreen.storyboard;
			sourceTree = "<group>";
		};
/* End PBXVariantGroup section */

/* Begin XCBuildConfiguration section */
		F32619AA29735D8700389875 /* Debug */ = {
			isa = XCBuildConfiguration;
			buildSettings = {
				ALWAYS_SEARCH_USER_PATHS = NO;
				CLANG_ANALYZER_NONNULL = YES;
				CLANG_ANALYZER_NUMBER_OBJECT_CONVERSION = YES_AGGRESSIVE;
				CLANG_CXX_LANGUAGE_STANDARD = "gnu++17";
				CLANG_ENABLE_MODULES = YES;
				CLANG_ENABLE_OBJC_ARC = YES;
				CLANG_ENABLE_OBJC_WEAK = YES;
				CLANG_WARN_BLOCK_CAPTURE_AUTORELEASING = YES;
				CLANG_WARN_BOOL_CONVERSION = YES;
				CLANG_WARN_COMMA = YES;
				CLANG_WARN_CONSTANT_CONVERSION = YES;
				CLANG_WARN_DEPRECATED_OBJC_IMPLEMENTATIONS = YES;
				CLANG_WARN_DIRECT_OBJC_ISA_USAGE = YES_ERROR;
				CLANG_WARN_DOCUMENTATION_COMMENTS = YES;
				CLANG_WARN_EMPTY_BODY = YES;
				CLANG_WARN_ENUM_CONVERSION = YES;
				CLANG_WARN_INFINITE_RECURSION = YES;
				CLANG_WARN_INT_CONVERSION = YES;
				CLANG_WARN_NON_LITERAL_NULL_CONVERSION = YES;
				CLANG_WARN_OBJC_IMPLICIT_RETAIN_SELF = YES;
				CLANG_WARN_OBJC_LITERAL_CONVERSION = YES;
				CLANG_WARN_OBJC_ROOT_CLASS = YES_ERROR;
				CLANG_WARN_QUOTED_INCLUDE_IN_FRAMEWORK_HEADER = YES;
				CLANG_WARN_RANGE_LOOP_ANALYSIS = YES;
				CLANG_WARN_STRICT_PROTOTYPES = YES;
				CLANG_WARN_SUSPICIOUS_MOVE = YES;
				CLANG_WARN_UNGUARDED_AVAILABILITY = YES_AGGRESSIVE;
				CLANG_WARN_UNREACHABLE_CODE = YES;
				CLANG_WARN__DUPLICATE_METHOD_MATCH = YES;
				COPY_PHASE_STRIP = NO;
				DEBUG_INFORMATION_FORMAT = dwarf;
				ENABLE_STRICT_OBJC_MSGSEND = YES;
				ENABLE_TESTABILITY = YES;
				GCC_C_LANGUAGE_STANDARD = gnu11;
				GCC_DYNAMIC_NO_PIC = NO;
				GCC_NO_COMMON_BLOCKS = YES;
				GCC_OPTIMIZATION_LEVEL = 0;
				GCC_PREPROCESSOR_DEFINITIONS = (
					"DEBUG=1",
					"$(inherited)",
				);
				GCC_WARN_64_TO_32_BIT_CONVERSION = YES;
				GCC_WARN_ABOUT_RETURN_TYPE = YES_ERROR;
				GCC_WARN_UNDECLARED_SELECTOR = YES;
				GCC_WARN_UNINITIALIZED_AUTOS = YES_AGGRESSIVE;
				GCC_WARN_UNUSED_FUNCTION = YES;
				GCC_WARN_UNUSED_VARIABLE = YES;
				IPHONEOS_DEPLOYMENT_TARGET = 15.5;
				MTL_ENABLE_DEBUG_INFO = INCLUDE_SOURCE;
				MTL_FAST_MATH = YES;
				ONLY_ACTIVE_ARCH = YES;
				SDKROOT = iphoneos;
				SWIFT_ACTIVE_COMPILATION_CONDITIONS = DEBUG;
				SWIFT_OPTIMIZATION_LEVEL = "-Onone";
			};
			name = Debug;
		};
		F32619AB29735D8700389875 /* Release */ = {
			isa = XCBuildConfiguration;
			buildSettings = {
				ALWAYS_SEARCH_USER_PATHS = NO;
				CLANG_ANALYZER_NONNULL = YES;
				CLANG_ANALYZER_NUMBER_OBJECT_CONVERSION = YES_AGGRESSIVE;
				CLANG_CXX_LANGUAGE_STANDARD = "gnu++17";
				CLANG_ENABLE_MODULES = YES;
				CLANG_ENABLE_OBJC_ARC = YES;
				CLANG_ENABLE_OBJC_WEAK = YES;
				CLANG_WARN_BLOCK_CAPTURE_AUTORELEASING = YES;
				CLANG_WARN_BOOL_CONVERSION = YES;
				CLANG_WARN_COMMA = YES;
				CLANG_WARN_CONSTANT_CONVERSION = YES;
				CLANG_WARN_DEPRECATED_OBJC_IMPLEMENTATIONS = YES;
				CLANG_WARN_DIRECT_OBJC_ISA_USAGE = YES_ERROR;
				CLANG_WARN_DOCUMENTATION_COMMENTS = YES;
				CLANG_WARN_EMPTY_BODY = YES;
				CLANG_WARN_ENUM_CONVERSION = YES;
				CLANG_WARN_INFINITE_RECURSION = YES;
				CLANG_WARN_INT_CONVERSION = YES;
				CLANG_WARN_NON_LITERAL_NULL_CONVERSION = YES;
				CLANG_WARN_OBJC_IMPLICIT_RETAIN_SELF = YES;
				CLANG_WARN_OBJC_LITERAL_CONVERSION = YES;
				CLANG_WARN_OBJC_ROOT_CLASS = YES_ERROR;
				CLANG_WARN_QUOTED_INCLUDE_IN_FRAMEWORK_HEADER = YES;
				CLANG_WARN_RANGE_LOOP_ANALYSIS = YES;
				CLANG_WARN_STRICT_PROTOTYPES = YES;
				CLANG_WARN_SUSPICIOUS_MOVE = YES;
				CLANG_WARN_UNGUARDED_AVAILABILITY = YES_AGGRESSIVE;
				CLANG_WARN_UNREACHABLE_CODE = YES;
				CLANG_WARN__DUPLICATE_METHOD_MATCH = YES;
				COPY_PHASE_STRIP = NO;
				DEBUG_INFORMATION_FORMAT = "dwarf-with-dsym";
				ENABLE_NS_ASSERTIONS = NO;
				ENABLE_STRICT_OBJC_MSGSEND = YES;
				GCC_C_LANGUAGE_STANDARD = gnu11;
				GCC_NO_COMMON_BLOCKS = YES;
				GCC_WARN_64_TO_32_BIT_CONVERSION = YES;
				GCC_WARN_ABOUT_RETURN_TYPE = YES_ERROR;
				GCC_WARN_UNDECLARED_SELECTOR = YES;
				GCC_WARN_UNINITIALIZED_AUTOS = YES_AGGRESSIVE;
				GCC_WARN_UNUSED_FUNCTION = YES;
				GCC_WARN_UNUSED_VARIABLE = YES;
				IPHONEOS_DEPLOYMENT_TARGET = 15.5;
				MTL_ENABLE_DEBUG_INFO = NO;
				MTL_FAST_MATH = YES;
				SDKROOT = iphoneos;
				SWIFT_COMPILATION_MODE = wholemodule;
				SWIFT_OPTIMIZATION_LEVEL = "-O";
				VALIDATE_PRODUCT = YES;
			};
			name = Release;
		};
		F32619AD29735D8700389875 /* Debug */ = {
			isa = XCBuildConfiguration;
			buildSettings = {
				ASSETCATALOG_COMPILER_APPICON_NAME = AppIcon;
				ASSETCATALOG_COMPILER_GLOBAL_ACCENT_COLOR_NAME = AccentColor;
				CODE_SIGN_STYLE = Automatic;
				CURRENT_PROJECT_VERSION = 1;
				DEVELOPMENT_TEAM = PLYGGAKJR4;
				GENERATE_INFOPLIST_FILE = YES;
				INFOPLIST_FILE = Workout/Resources/Info.plist;
				INFOPLIST_KEY_UIApplicationSupportsIndirectInputEvents = YES;
				INFOPLIST_KEY_UILaunchStoryboardName = LaunchScreen;
				INFOPLIST_KEY_UISupportedInterfaceOrientations = UIInterfaceOrientationPortrait;
				INFOPLIST_KEY_UISupportedInterfaceOrientations_iPad = "UIInterfaceOrientationPortrait UIInterfaceOrientationPortraitUpsideDown UIInterfaceOrientationLandscapeLeft UIInterfaceOrientationLandscapeRight";
				INFOPLIST_KEY_UISupportedInterfaceOrientations_iPhone = "UIInterfaceOrientationPortrait UIInterfaceOrientationLandscapeLeft UIInterfaceOrientationLandscapeRight";
				IPHONEOS_DEPLOYMENT_TARGET = 13.0;
				LD_RUNPATH_SEARCH_PATHS = (
					"$(inherited)",
					"@executable_path/Frameworks",
				);
				MARKETING_VERSION = 1.0;
				PRODUCT_BUNDLE_IDENTIFIER = my.com.organization.Workout;
				PRODUCT_NAME = "$(TARGET_NAME)";
				SWIFT_EMIT_LOC_STRINGS = YES;
				SWIFT_VERSION = 5.0;
				TARGETED_DEVICE_FAMILY = "1,2";
			};
			name = Debug;
		};
		F32619AE29735D8700389875 /* Release */ = {
			isa = XCBuildConfiguration;
			buildSettings = {
				ASSETCATALOG_COMPILER_APPICON_NAME = AppIcon;
				ASSETCATALOG_COMPILER_GLOBAL_ACCENT_COLOR_NAME = AccentColor;
				CODE_SIGN_STYLE = Automatic;
				CURRENT_PROJECT_VERSION = 1;
				DEVELOPMENT_TEAM = PLYGGAKJR4;
				GENERATE_INFOPLIST_FILE = YES;
				INFOPLIST_FILE = Workout/Resources/Info.plist;
				INFOPLIST_KEY_UIApplicationSupportsIndirectInputEvents = YES;
				INFOPLIST_KEY_UILaunchStoryboardName = LaunchScreen;
				INFOPLIST_KEY_UISupportedInterfaceOrientations = UIInterfaceOrientationPortrait;
				INFOPLIST_KEY_UISupportedInterfaceOrientations_iPad = "UIInterfaceOrientationPortrait UIInterfaceOrientationPortraitUpsideDown UIInterfaceOrientationLandscapeLeft UIInterfaceOrientationLandscapeRight";
				INFOPLIST_KEY_UISupportedInterfaceOrientations_iPhone = "UIInterfaceOrientationPortrait UIInterfaceOrientationLandscapeLeft UIInterfaceOrientationLandscapeRight";
				IPHONEOS_DEPLOYMENT_TARGET = 13.0;
				LD_RUNPATH_SEARCH_PATHS = (
					"$(inherited)",
					"@executable_path/Frameworks",
				);
				MARKETING_VERSION = 1.0;
				PRODUCT_BUNDLE_IDENTIFIER = my.com.organization.Workout;
				PRODUCT_NAME = "$(TARGET_NAME)";
				SWIFT_EMIT_LOC_STRINGS = YES;
				SWIFT_VERSION = 5.0;
				TARGETED_DEVICE_FAMILY = "1,2";
			};
			name = Release;
		};
/* End XCBuildConfiguration section */

/* Begin XCConfigurationList section */
		F326199329735D8600389875 /* Build configuration list for PBXProject "Workout" */ = {
			isa = XCConfigurationList;
			buildConfigurations = (
				F32619AA29735D8700389875 /* Debug */,
				F32619AB29735D8700389875 /* Release */,
			);
			defaultConfigurationIsVisible = 0;
			defaultConfigurationName = Release;
		};
		F32619AC29735D8700389875 /* Build configuration list for PBXNativeTarget "Workout" */ = {
			isa = XCConfigurationList;
			buildConfigurations = (
				F32619AD29735D8700389875 /* Debug */,
				F32619AE29735D8700389875 /* Release */,
			);
			defaultConfigurationIsVisible = 0;
			defaultConfigurationName = Release;
		};
/* End XCConfigurationList section */
	};
	rootObject = F326199029735D8600389875 /* Project object */;
}
